
Microsoft Visual Studio Solution File, Format Version 12.00
# Visual Studio Version 16
VisualStudioVersion = 16.0.30114.105
MinimumVisualStudioVersion = 10.0.40219.1
Project("{2150E333-8FDC-42A3-9474-1A3956D46DE8}") = "src", "src", "{58EE6792-3E41-49A5-B7C6-95CF278159D8}"
EndProject
Project("{2150E333-8FDC-42A3-9474-1A3956D46DE8}") = "core", "core", "{D087DE23-999B-43E0-A387-017626220BF1}"
EndProject
Project("{FAE04EC0-301F-11D3-BF4B-00C04F79EFBC}") = "Voyage.Domain", "src\core\Voyage.Domain\Voyage.Domain.csproj", "{3649932C-2542-49F5-BA6F-7D93649E6BA7}"
EndProject
Project("{FAE04EC0-301F-11D3-BF4B-00C04F79EFBC}") = "Voyage.Application", "src\core\Voyage.Application\Voyage.Application.csproj", "{DED1375D-2966-4BD9-A07D-EB92B27F19F7}"
EndProject
Project("{2150E333-8FDC-42A3-9474-1A3956D46DE8}") = "infrastructure", "infrastructure", "{117C6A2D-3045-4FD8-AB50-798212DE42FE}"
EndProject
Project("{FAE04EC0-301F-11D3-BF4B-00C04F79EFBC}") = "Voyage.Data", "src\infrastructure\Voyage.Data\Voyage.Data.csproj", "{19C6F64F-8872-4562-BBA1-8DE170711E01}"
EndProject
Project("{FAE04EC0-301F-11D3-BF4B-00C04F79EFBC}") = "Voyage.Shared", "src\infrastructure\Voyage.Shared\Voyage.Shared.csproj", "{6E526632-AA45-432D-8CE6-80DB3FFA84D5}"
EndProject
Project("{2150E333-8FDC-42A3-9474-1A3956D46DE8}") = "presentation", "presentation", "{D9AC2AFF-2328-476D-8B10-D14975D13591}"
EndProject
Project("{FAE04EC0-301F-11D3-BF4B-00C04F79EFBC}") = "Voyage.WebApi", "src\presentation\Voyage.WebApi\Voyage.WebApi.csproj", "{2119C0F6-434B-4C4B-98AA-CF54174E28E3}"
EndProject
Global
	GlobalSection(SolutionConfigurationPlatforms) = preSolution
		Debug|Any CPU = Debug|Any CPU
		Debug|x64 = Debug|x64
		Debug|x86 = Debug|x86
		Release|Any CPU = Release|Any CPU
		Release|x64 = Release|x64
		Release|x86 = Release|x86
	EndGlobalSection
	GlobalSection(SolutionProperties) = preSolution
		HideSolutionNode = FALSE
	EndGlobalSection
	GlobalSection(ProjectConfigurationPlatforms) = postSolution
		{3649932C-2542-49F5-BA6F-7D93649E6BA7}.Debug|Any CPU.ActiveCfg = Debug|Any CPU
		{3649932C-2542-49F5-BA6F-7D93649E6BA7}.Debug|Any CPU.Build.0 = Debug|Any CPU
		{3649932C-2542-49F5-BA6F-7D93649E6BA7}.Debug|x64.ActiveCfg = Debug|Any CPU
		{3649932C-2542-49F5-BA6F-7D93649E6BA7}.Debug|x64.Build.0 = Debug|Any CPU
		{3649932C-2542-49F5-BA6F-7D93649E6BA7}.Debug|x86.ActiveCfg = Debug|Any CPU
		{3649932C-2542-49F5-BA6F-7D93649E6BA7}.Debug|x86.Build.0 = Debug|Any CPU
		{3649932C-2542-49F5-BA6F-7D93649E6BA7}.Release|Any CPU.ActiveCfg = Release|Any CPU
		{3649932C-2542-49F5-BA6F-7D93649E6BA7}.Release|Any CPU.Build.0 = Release|Any CPU
		{3649932C-2542-49F5-BA6F-7D93649E6BA7}.Release|x64.ActiveCfg = Release|Any CPU
		{3649932C-2542-49F5-BA6F-7D93649E6BA7}.Release|x64.Build.0 = Release|Any CPU
		{3649932C-2542-49F5-BA6F-7D93649E6BA7}.Release|x86.ActiveCfg = Release|Any CPU
		{3649932C-2542-49F5-BA6F-7D93649E6BA7}.Release|x86.Build.0 = Release|Any CPU
		{DED1375D-2966-4BD9-A07D-EB92B27F19F7}.Debug|Any CPU.ActiveCfg = Debug|Any CPU
		{DED1375D-2966-4BD9-A07D-EB92B27F19F7}.Debug|Any CPU.Build.0 = Debug|Any CPU
		{DED1375D-2966-4BD9-A07D-EB92B27F19F7}.Debug|x64.ActiveCfg = Debug|Any CPU
		{DED1375D-2966-4BD9-A07D-EB92B27F19F7}.Debug|x64.Build.0 = Debug|Any CPU
		{DED1375D-2966-4BD9-A07D-EB92B27F19F7}.Debug|x86.ActiveCfg = Debug|Any CPU
		{DED1375D-2966-4BD9-A07D-EB92B27F19F7}.Debug|x86.Build.0 = Debug|Any CPU
		{DED1375D-2966-4BD9-A07D-EB92B27F19F7}.Release|Any CPU.ActiveCfg = Release|Any CPU
		{DED1375D-2966-4BD9-A07D-EB92B27F19F7}.Release|Any CPU.Build.0 = Release|Any CPU
		{DED1375D-2966-4BD9-A07D-EB92B27F19F7}.Release|x64.ActiveCfg = Release|Any CPU
		{DED1375D-2966-4BD9-A07D-EB92B27F19F7}.Release|x64.Build.0 = Release|Any CPU
		{DED1375D-2966-4BD9-A07D-EB92B27F19F7}.Release|x86.ActiveCfg = Release|Any CPU
		{DED1375D-2966-4BD9-A07D-EB92B27F19F7}.Release|x86.Build.0 = Release|Any CPU
		{19C6F64F-8872-4562-BBA1-8DE170711E01}.Debug|Any CPU.ActiveCfg = Debug|Any CPU
		{19C6F64F-8872-4562-BBA1-8DE170711E01}.Debug|Any CPU.Build.0 = Debug|Any CPU
		{19C6F64F-8872-4562-BBA1-8DE170711E01}.Debug|x64.ActiveCfg = Debug|Any CPU
		{19C6F64F-8872-4562-BBA1-8DE170711E01}.Debug|x64.Build.0 = Debug|Any CPU
		{19C6F64F-8872-4562-BBA1-8DE170711E01}.Debug|x86.ActiveCfg = Debug|Any CPU
		{19C6F64F-8872-4562-BBA1-8DE170711E01}.Debug|x86.Build.0 = Debug|Any CPU
		{19C6F64F-8872-4562-BBA1-8DE170711E01}.Release|Any CPU.ActiveCfg = Release|Any CPU
		{19C6F64F-8872-4562-BBA1-8DE170711E01}.Release|Any CPU.Build.0 = Release|Any CPU
		{19C6F64F-8872-4562-BBA1-8DE170711E01}.Release|x64.ActiveCfg = Release|Any CPU
		{19C6F64F-8872-4562-BBA1-8DE170711E01}.Release|x64.Build.0 = Release|Any CPU
		{19C6F64F-8872-4562-BBA1-8DE170711E01}.Release|x86.ActiveCfg = Release|Any CPU
		{19C6F64F-8872-4562-BBA1-8DE170711E01}.Release|x86.Build.0 = Release|Any CPU
		{6E526632-AA45-432D-8CE6-80DB3FFA84D5}.Debug|Any CPU.ActiveCfg = Debug|Any CPU
		{6E526632-AA45-432D-8CE6-80DB3FFA84D5}.Debug|Any CPU.Build.0 = Debug|Any CPU
		{6E526632-AA45-432D-8CE6-80DB3FFA84D5}.Debug|x64.ActiveCfg = Debug|Any CPU
		{6E526632-AA45-432D-8CE6-80DB3FFA84D5}.Debug|x64.Build.0 = Debug|Any CPU
		{6E526632-AA45-432D-8CE6-80DB3FFA84D5}.Debug|x86.ActiveCfg = Debug|Any CPU
		{6E526632-AA45-432D-8CE6-80DB3FFA84D5}.Debug|x86.Build.0 = Debug|Any CPU
		{6E526632-AA45-432D-8CE6-80DB3FFA84D5}.Release|Any CPU.ActiveCfg = Release|Any CPU
		{6E526632-AA45-432D-8CE6-80DB3FFA84D5}.Release|Any CPU.Build.0 = Release|Any CPU
		{6E526632-AA45-432D-8CE6-80DB3FFA84D5}.Release|x64.ActiveCfg = Release|Any CPU
		{6E526632-AA45-432D-8CE6-80DB3FFA84D5}.Release|x64.Build.0 = Release|Any CPU
		{6E526632-AA45-432D-8CE6-80DB3FFA84D5}.Release|x86.ActiveCfg = Release|Any CPU
		{6E526632-AA45-432D-8CE6-80DB3FFA84D5}.Release|x86.Build.0 = Release|Any CPU
		{2119C0F6-434B-4C4B-98AA-CF54174E28E3}.Debug|Any CPU.ActiveCfg = Debug|Any CPU
		{2119C0F6-434B-4C4B-98AA-CF54174E28E3}.Debug|Any CPU.Build.0 = Debug|Any CPU
		{2119C0F6-434B-4C4B-98AA-CF54174E28E3}.Debug|x64.ActiveCfg = Debug|Any CPU
		{2119C0F6-434B-4C4B-98AA-CF54174E28E3}.Debug|x64.Build.0 = Debug|Any CPU
		{2119C0F6-434B-4C4B-98AA-CF54174E28E3}.Debug|x86.ActiveCfg = Debug|Any CPU
		{2119C0F6-434B-4C4B-98AA-CF54174E28E3}.Debug|x86.Build.0 = Debug|Any CPU
		{2119C0F6-434B-4C4B-98AA-CF54174E28E3}.Release|Any CPU.ActiveCfg = Release|Any CPU
		{2119C0F6-434B-4C4B-98AA-CF54174E28E3}.Release|Any CPU.Build.0 = Release|Any CPU
		{2119C0F6-434B-4C4B-98AA-CF54174E28E3}.Release|x64.ActiveCfg = Release|Any CPU
		{2119C0F6-434B-4C4B-98AA-CF54174E28E3}.Release|x64.Build.0 = Release|Any CPU
		{2119C0F6-434B-4C4B-98AA-CF54174E28E3}.Release|x86.ActiveCfg = Release|Any CPU
		{2119C0F6-434B-4C4B-98AA-CF54174E28E3}.Release|x86.Build.0 = Release|Any CPU
	EndGlobalSection
	GlobalSection(NestedProjects) = preSolution
		{D087DE23-999B-43E0-A387-017626220BF1} = {58EE6792-3E41-49A5-B7C6-95CF278159D8}
		{3649932C-2542-49F5-BA6F-7D93649E6BA7} = {D087DE23-999B-43E0-A387-017626220BF1}
		{DED1375D-2966-4BD9-A07D-EB92B27F19F7} = {D087DE23-999B-43E0-A387-017626220BF1}
		{117C6A2D-3045-4FD8-AB50-798212DE42FE} = {58EE6792-3E41-49A5-B7C6-95CF278159D8}
		{19C6F64F-8872-4562-BBA1-8DE170711E01} = {117C6A2D-3045-4FD8-AB50-798212DE42FE}
		{6E526632-AA45-432D-8CE6-80DB3FFA84D5} = {117C6A2D-3045-4FD8-AB50-798212DE42FE}
		{D9AC2AFF-2328-476D-8B10-D14975D13591} = {58EE6792-3E41-49A5-B7C6-95CF278159D8}
		{2119C0F6-434B-4C4B-98AA-CF54174E28E3} = {D9AC2AFF-2328-476D-8B10-D14975D13591}
	EndGlobalSection
EndGlobal
