
Microsoft Visual Studio Solution File, Format Version 12.00
# Visual Studio Version 16
VisualStudioVersion = 16.0.30114.105
MinimumVisualStudioVersion = 10.0.40219.1
Project("{2150E333-8FDC-42A3-9474-1A3956D46DE8}") = "src", "src", "{B9D8D268-C939-4316-AA25-D4DF02D1FA60}"
EndProject
Project("{2150E333-8FDC-42A3-9474-1A3956D46DE8}") = "core", "core", "{E00EC2E5-E852-46F4-8E88-D006CB2EFD2A}"
EndProject
Project("{FAE04EC0-301F-11D3-BF4B-00C04F79EFBC}") = "Journey.Domain", "src\core\Journey.Domain\Journey.Domain.csproj", "{66865C16-7BEB-4F32-9005-45A44AA73243}"
EndProject
Project("{FAE04EC0-301F-11D3-BF4B-00C04F79EFBC}") = "Journey.Application", "src\core\Journey.Application\Journey.Application.csproj", "{718D80A6-A4B0-4C0C-B610-D2692530C4C3}"
EndProject
Project("{2150E333-8FDC-42A3-9474-1A3956D46DE8}") = "infrastructure", "infrastructure", "{50B85A78-4C99-41EA-A2D8-DD2F0DE3741D}"
EndProject
Project("{FAE04EC0-301F-11D3-BF4B-00C04F79EFBC}") = "Journey.Data", "src\infrastructure\Journey.Data\Journey.Data.csproj", "{EC9E2B32-E12D-4971-A7F3-BD9755281285}"
EndProject
Project("{FAE04EC0-301F-11D3-BF4B-00C04F79EFBC}") = "Journey.Shared", "src\infrastructure\Journey.Shared\Journey.Shared.csproj", "{28DB0733-BACE-4EFB-BFE5-8360FD838510}"
EndProject
Project("{2150E333-8FDC-42A3-9474-1A3956D46DE8}") = "presentation", "presentation", "{C91DB0B1-B94E-469B-BF1A-2FDA1C8DAAB1}"
EndProject
Project("{FAE04EC0-301F-11D3-BF4B-00C04F79EFBC}") = "Journey.WebApi", "src\presentation\Journey.WebApi\Journey.WebApi.csproj", "{AB20C4B1-62D7-4724-893D-6BA6ADC89C2B}"
EndProject
Global
	GlobalSection(SolutionConfigurationPlatforms) = preSolution
		Debug|Any CPU = Debug|Any CPU
		Debug|x64 = Debug|x64
		Debug|x86 = Debug|x86
		Release|Any CPU = Release|Any CPU
		Release|x64 = Release|x64
		Release|x86 = Release|x86
	EndGlobalSection
	GlobalSection(SolutionProperties) = preSolution
		HideSolutionNode = FALSE
	EndGlobalSection
	GlobalSection(ProjectConfigurationPlatforms) = postSolution
		{66865C16-7BEB-4F32-9005-45A44AA73243}.Debug|Any CPU.ActiveCfg = Debug|Any CPU
		{66865C16-7BEB-4F32-9005-45A44AA73243}.Debug|Any CPU.Build.0 = Debug|Any CPU
		{66865C16-7BEB-4F32-9005-45A44AA73243}.Debug|x64.ActiveCfg = Debug|Any CPU
		{66865C16-7BEB-4F32-9005-45A44AA73243}.Debug|x64.Build.0 = Debug|Any CPU
		{66865C16-7BEB-4F32-9005-45A44AA73243}.Debug|x86.ActiveCfg = Debug|Any CPU
		{66865C16-7BEB-4F32-9005-45A44AA73243}.Debug|x86.Build.0 = Debug|Any CPU
		{66865C16-7BEB-4F32-9005-45A44AA73243}.Release|Any CPU.ActiveCfg = Release|Any CPU
		{66865C16-7BEB-4F32-9005-45A44AA73243}.Release|Any CPU.Build.0 = Release|Any CPU
		{66865C16-7BEB-4F32-9005-45A44AA73243}.Release|x64.ActiveCfg = Release|Any CPU
		{66865C16-7BEB-4F32-9005-45A44AA73243}.Release|x64.Build.0 = Release|Any CPU
		{66865C16-7BEB-4F32-9005-45A44AA73243}.Release|x86.ActiveCfg = Release|Any CPU
		{66865C16-7BEB-4F32-9005-45A44AA73243}.Release|x86.Build.0 = Release|Any CPU
		{718D80A6-A4B0-4C0C-B610-D2692530C4C3}.Debug|Any CPU.ActiveCfg = Debug|Any CPU
		{718D80A6-A4B0-4C0C-B610-D2692530C4C3}.Debug|Any CPU.Build.0 = Debug|Any CPU
		{718D80A6-A4B0-4C0C-B610-D2692530C4C3}.Debug|x64.ActiveCfg = Debug|Any CPU
		{718D80A6-A4B0-4C0C-B610-D2692530C4C3}.Debug|x64.Build.0 = Debug|Any CPU
		{718D80A6-A4B0-4C0C-B610-D2692530C4C3}.Debug|x86.ActiveCfg = Debug|Any CPU
		{718D80A6-A4B0-4C0C-B610-D2692530C4C3}.Debug|x86.Build.0 = Debug|Any CPU
		{718D80A6-A4B0-4C0C-B610-D2692530C4C3}.Release|Any CPU.ActiveCfg = Release|Any CPU
		{718D80A6-A4B0-4C0C-B610-D2692530C4C3}.Release|Any CPU.Build.0 = Release|Any CPU
		{718D80A6-A4B0-4C0C-B610-D2692530C4C3}.Release|x64.ActiveCfg = Release|Any CPU
		{718D80A6-A4B0-4C0C-B610-D2692530C4C3}.Release|x64.Build.0 = Release|Any CPU
		{718D80A6-A4B0-4C0C-B610-D2692530C4C3}.Release|x86.ActiveCfg = Release|Any CPU
		{718D80A6-A4B0-4C0C-B610-D2692530C4C3}.Release|x86.Build.0 = Release|Any CPU
		{EC9E2B32-E12D-4971-A7F3-BD9755281285}.Debug|Any CPU.ActiveCfg = Debug|Any CPU
		{EC9E2B32-E12D-4971-A7F3-BD9755281285}.Debug|Any CPU.Build.0 = Debug|Any CPU
		{EC9E2B32-E12D-4971-A7F3-BD9755281285}.Debug|x64.ActiveCfg = Debug|Any CPU
		{EC9E2B32-E12D-4971-A7F3-BD9755281285}.Debug|x64.Build.0 = Debug|Any CPU
		{EC9E2B32-E12D-4971-A7F3-BD9755281285}.Debug|x86.ActiveCfg = Debug|Any CPU
		{EC9E2B32-E12D-4971-A7F3-BD9755281285}.Debug|x86.Build.0 = Debug|Any CPU
		{EC9E2B32-E12D-4971-A7F3-BD9755281285}.Release|Any CPU.ActiveCfg = Release|Any CPU
		{EC9E2B32-E12D-4971-A7F3-BD9755281285}.Release|Any CPU.Build.0 = Release|Any CPU
		{EC9E2B32-E12D-4971-A7F3-BD9755281285}.Release|x64.ActiveCfg = Release|Any CPU
		{EC9E2B32-E12D-4971-A7F3-BD9755281285}.Release|x64.Build.0 = Release|Any CPU
		{EC9E2B32-E12D-4971-A7F3-BD9755281285}.Release|x86.ActiveCfg = Release|Any CPU
		{EC9E2B32-E12D-4971-A7F3-BD9755281285}.Release|x86.Build.0 = Release|Any CPU
		{28DB0733-BACE-4EFB-BFE5-8360FD838510}.Debug|Any CPU.ActiveCfg = Debug|Any CPU
		{28DB0733-BACE-4EFB-BFE5-8360FD838510}.Debug|Any CPU.Build.0 = Debug|Any CPU
		{28DB0733-BACE-4EFB-BFE5-8360FD838510}.Debug|x64.ActiveCfg = Debug|Any CPU
		{28DB0733-BACE-4EFB-BFE5-8360FD838510}.Debug|x64.Build.0 = Debug|Any CPU
		{28DB0733-BACE-4EFB-BFE5-8360FD838510}.Debug|x86.ActiveCfg = Debug|Any CPU
		{28DB0733-BACE-4EFB-BFE5-8360FD838510}.Debug|x86.Build.0 = Debug|Any CPU
		{28DB0733-BACE-4EFB-BFE5-8360FD838510}.Release|Any CPU.ActiveCfg = Release|Any CPU
		{28DB0733-BACE-4EFB-BFE5-8360FD838510}.Release|Any CPU.Build.0 = Release|Any CPU
		{28DB0733-BACE-4EFB-BFE5-8360FD838510}.Release|x64.ActiveCfg = Release|Any CPU
		{28DB0733-BACE-4EFB-BFE5-8360FD838510}.Release|x64.Build.0 = Release|Any CPU
		{28DB0733-BACE-4EFB-BFE5-8360FD838510}.Release|x86.ActiveCfg = Release|Any CPU
		{28DB0733-BACE-4EFB-BFE5-8360FD838510}.Release|x86.Build.0 = Release|Any CPU
		{AB20C4B1-62D7-4724-893D-6BA6ADC89C2B}.Debug|Any CPU.ActiveCfg = Debug|Any CPU
		{AB20C4B1-62D7-4724-893D-6BA6ADC89C2B}.Debug|Any CPU.Build.0 = Debug|Any CPU
		{AB20C4B1-62D7-4724-893D-6BA6ADC89C2B}.Debug|x64.ActiveCfg = Debug|Any CPU
		{AB20C4B1-62D7-4724-893D-6BA6ADC89C2B}.Debug|x64.Build.0 = Debug|Any CPU
		{AB20C4B1-62D7-4724-893D-6BA6ADC89C2B}.Debug|x86.ActiveCfg = Debug|Any CPU
		{AB20C4B1-62D7-4724-893D-6BA6ADC89C2B}.Debug|x86.Build.0 = Debug|Any CPU
		{AB20C4B1-62D7-4724-893D-6BA6ADC89C2B}.Release|Any CPU.ActiveCfg = Release|Any CPU
		{AB20C4B1-62D7-4724-893D-6BA6ADC89C2B}.Release|Any CPU.Build.0 = Release|Any CPU
		{AB20C4B1-62D7-4724-893D-6BA6ADC89C2B}.Release|x64.ActiveCfg = Release|Any CPU
		{AB20C4B1-62D7-4724-893D-6BA6ADC89C2B}.Release|x64.Build.0 = Release|Any CPU
		{AB20C4B1-62D7-4724-893D-6BA6ADC89C2B}.Release|x86.ActiveCfg = Release|Any CPU
		{AB20C4B1-62D7-4724-893D-6BA6ADC89C2B}.Release|x86.Build.0 = Release|Any CPU
	EndGlobalSection
	GlobalSection(NestedProjects) = preSolution
		{E00EC2E5-E852-46F4-8E88-D006CB2EFD2A} = {B9D8D268-C939-4316-AA25-D4DF02D1FA60}
		{66865C16-7BEB-4F32-9005-45A44AA73243} = {E00EC2E5-E852-46F4-8E88-D006CB2EFD2A}
		{718D80A6-A4B0-4C0C-B610-D2692530C4C3} = {E00EC2E5-E852-46F4-8E88-D006CB2EFD2A}
		{50B85A78-4C99-41EA-A2D8-DD2F0DE3741D} = {B9D8D268-C939-4316-AA25-D4DF02D1FA60}
		{EC9E2B32-E12D-4971-A7F3-BD9755281285} = {50B85A78-4C99-41EA-A2D8-DD2F0DE3741D}
		{28DB0733-BACE-4EFB-BFE5-8360FD838510} = {50B85A78-4C99-41EA-A2D8-DD2F0DE3741D}
		{C91DB0B1-B94E-469B-BF1A-2FDA1C8DAAB1} = {B9D8D268-C939-4316-AA25-D4DF02D1FA60}
		{AB20C4B1-62D7-4724-893D-6BA6ADC89C2B} = {C91DB0B1-B94E-469B-BF1A-2FDA1C8DAAB1}
	EndGlobalSection
EndGlobal
