
Microsoft Visual Studio Solution File, Format Version 12.00
# Visual Studio Version 16
VisualStudioVersion = 16.0.30114.105
MinimumVisualStudioVersion = 10.0.40219.1
Project("{2150E333-8FDC-42A3-9474-1A3956D46DE8}") = "src", "src", "{050B261F-AD85-4974-B58F-6CE2CB4A9EF1}"
EndProject
Project("{2150E333-8FDC-42A3-9474-1A3956D46DE8}") = "core", "core", "{3E56E6DD-B86C-41FC-9361-372E88ED9AB8}"
EndProject
Project("{FAE04EC0-301F-11D3-BF4B-00C04F79EFBC}") = "Journey.Domain", "src\core\Journey.Domain\Journey.Domain.csproj", "{2683EF9C-7A5C-4D8A-A130-5E97B58A1B56}"
EndProject
Project("{FAE04EC0-301F-11D3-BF4B-00C04F79EFBC}") = "Journey.Application", "src\core\Journey.Application\Journey.Application.csproj", "{F170DB5D-8636-4AE7-9287-184FBBF9AED2}"
EndProject
Project("{2150E333-8FDC-42A3-9474-1A3956D46DE8}") = "infrastructure", "infrastructure", "{04B1542C-FE04-4940-87D9-0339D32DEB72}"
EndProject
Project("{FAE04EC0-301F-11D3-BF4B-00C04F79EFBC}") = "Journey.Data", "src\infrastructure\Journey.Data\Journey.Data.csproj", "{29447D86-AF1F-4795-9F65-EABB74D866FF}"
EndProject
Project("{FAE04EC0-301F-11D3-BF4B-00C04F79EFBC}") = "Journey.Shared", "src\infrastructure\Journey.Shared\Journey.Shared.csproj", "{735EC521-349E-4A8B-BD5B-ACE12A4651AA}"
EndProject
Project("{2150E333-8FDC-42A3-9474-1A3956D46DE8}") = "presentation", "presentation", "{0D339EA8-A9A9-40E2-8A75-B586AA58CF0B}"
EndProject
Project("{FAE04EC0-301F-11D3-BF4B-00C04F79EFBC}") = "Journey.WebApi", "src\presentation\Journey.WebApi\Journey.WebApi.csproj", "{4A3C88CF-2B19-475A-A0CF-C1595A4E3A9A}"
EndProject
Global
	GlobalSection(SolutionConfigurationPlatforms) = preSolution
		Debug|Any CPU = Debug|Any CPU
		Debug|x64 = Debug|x64
		Debug|x86 = Debug|x86
		Release|Any CPU = Release|Any CPU
		Release|x64 = Release|x64
		Release|x86 = Release|x86
	EndGlobalSection
	GlobalSection(SolutionProperties) = preSolution
		HideSolutionNode = FALSE
	EndGlobalSection
	GlobalSection(ProjectConfigurationPlatforms) = postSolution
		{2683EF9C-7A5C-4D8A-A130-5E97B58A1B56}.Debug|Any CPU.ActiveCfg = Debug|Any CPU
		{2683EF9C-7A5C-4D8A-A130-5E97B58A1B56}.Debug|Any CPU.Build.0 = Debug|Any CPU
		{2683EF9C-7A5C-4D8A-A130-5E97B58A1B56}.Debug|x64.ActiveCfg = Debug|Any CPU
		{2683EF9C-7A5C-4D8A-A130-5E97B58A1B56}.Debug|x64.Build.0 = Debug|Any CPU
		{2683EF9C-7A5C-4D8A-A130-5E97B58A1B56}.Debug|x86.ActiveCfg = Debug|Any CPU
		{2683EF9C-7A5C-4D8A-A130-5E97B58A1B56}.Debug|x86.Build.0 = Debug|Any CPU
		{2683EF9C-7A5C-4D8A-A130-5E97B58A1B56}.Release|Any CPU.ActiveCfg = Release|Any CPU
		{2683EF9C-7A5C-4D8A-A130-5E97B58A1B56}.Release|Any CPU.Build.0 = Release|Any CPU
		{2683EF9C-7A5C-4D8A-A130-5E97B58A1B56}.Release|x64.ActiveCfg = Release|Any CPU
		{2683EF9C-7A5C-4D8A-A130-5E97B58A1B56}.Release|x64.Build.0 = Release|Any CPU
		{2683EF9C-7A5C-4D8A-A130-5E97B58A1B56}.Release|x86.ActiveCfg = Release|Any CPU
		{2683EF9C-7A5C-4D8A-A130-5E97B58A1B56}.Release|x86.Build.0 = Release|Any CPU
		{F170DB5D-8636-4AE7-9287-184FBBF9AED2}.Debug|Any CPU.ActiveCfg = Debug|Any CPU
		{F170DB5D-8636-4AE7-9287-184FBBF9AED2}.Debug|Any CPU.Build.0 = Debug|Any CPU
		{F170DB5D-8636-4AE7-9287-184FBBF9AED2}.Debug|x64.ActiveCfg = Debug|Any CPU
		{F170DB5D-8636-4AE7-9287-184FBBF9AED2}.Debug|x64.Build.0 = Debug|Any CPU
		{F170DB5D-8636-4AE7-9287-184FBBF9AED2}.Debug|x86.ActiveCfg = Debug|Any CPU
		{F170DB5D-8636-4AE7-9287-184FBBF9AED2}.Debug|x86.Build.0 = Debug|Any CPU
		{F170DB5D-8636-4AE7-9287-184FBBF9AED2}.Release|Any CPU.ActiveCfg = Release|Any CPU
		{F170DB5D-8636-4AE7-9287-184FBBF9AED2}.Release|Any CPU.Build.0 = Release|Any CPU
		{F170DB5D-8636-4AE7-9287-184FBBF9AED2}.Release|x64.ActiveCfg = Release|Any CPU
		{F170DB5D-8636-4AE7-9287-184FBBF9AED2}.Release|x64.Build.0 = Release|Any CPU
		{F170DB5D-8636-4AE7-9287-184FBBF9AED2}.Release|x86.ActiveCfg = Release|Any CPU
		{F170DB5D-8636-4AE7-9287-184FBBF9AED2}.Release|x86.Build.0 = Release|Any CPU
		{29447D86-AF1F-4795-9F65-EABB74D866FF}.Debug|Any CPU.ActiveCfg = Debug|Any CPU
		{29447D86-AF1F-4795-9F65-EABB74D866FF}.Debug|Any CPU.Build.0 = Debug|Any CPU
		{29447D86-AF1F-4795-9F65-EABB74D866FF}.Debug|x64.ActiveCfg = Debug|Any CPU
		{29447D86-AF1F-4795-9F65-EABB74D866FF}.Debug|x64.Build.0 = Debug|Any CPU
		{29447D86-AF1F-4795-9F65-EABB74D866FF}.Debug|x86.ActiveCfg = Debug|Any CPU
		{29447D86-AF1F-4795-9F65-EABB74D866FF}.Debug|x86.Build.0 = Debug|Any CPU
		{29447D86-AF1F-4795-9F65-EABB74D866FF}.Release|Any CPU.ActiveCfg = Release|Any CPU
		{29447D86-AF1F-4795-9F65-EABB74D866FF}.Release|Any CPU.Build.0 = Release|Any CPU
		{29447D86-AF1F-4795-9F65-EABB74D866FF}.Release|x64.ActiveCfg = Release|Any CPU
		{29447D86-AF1F-4795-9F65-EABB74D866FF}.Release|x64.Build.0 = Release|Any CPU
		{29447D86-AF1F-4795-9F65-EABB74D866FF}.Release|x86.ActiveCfg = Release|Any CPU
		{29447D86-AF1F-4795-9F65-EABB74D866FF}.Release|x86.Build.0 = Release|Any CPU
		{735EC521-349E-4A8B-BD5B-ACE12A4651AA}.Debug|Any CPU.ActiveCfg = Debug|Any CPU
		{735EC521-349E-4A8B-BD5B-ACE12A4651AA}.Debug|Any CPU.Build.0 = Debug|Any CPU
		{735EC521-349E-4A8B-BD5B-ACE12A4651AA}.Debug|x64.ActiveCfg = Debug|Any CPU
		{735EC521-349E-4A8B-BD5B-ACE12A4651AA}.Debug|x64.Build.0 = Debug|Any CPU
		{735EC521-349E-4A8B-BD5B-ACE12A4651AA}.Debug|x86.ActiveCfg = Debug|Any CPU
		{735EC521-349E-4A8B-BD5B-ACE12A4651AA}.Debug|x86.Build.0 = Debug|Any CPU
		{735EC521-349E-4A8B-BD5B-ACE12A4651AA}.Release|Any CPU.ActiveCfg = Release|Any CPU
		{735EC521-349E-4A8B-BD5B-ACE12A4651AA}.Release|Any CPU.Build.0 = Release|Any CPU
		{735EC521-349E-4A8B-BD5B-ACE12A4651AA}.Release|x64.ActiveCfg = Release|Any CPU
		{735EC521-349E-4A8B-BD5B-ACE12A4651AA}.Release|x64.Build.0 = Release|Any CPU
		{735EC521-349E-4A8B-BD5B-ACE12A4651AA}.Release|x86.ActiveCfg = Release|Any CPU
		{735EC521-349E-4A8B-BD5B-ACE12A4651AA}.Release|x86.Build.0 = Release|Any CPU
		{4A3C88CF-2B19-475A-A0CF-C1595A4E3A9A}.Debug|Any CPU.ActiveCfg = Debug|Any CPU
		{4A3C88CF-2B19-475A-A0CF-C1595A4E3A9A}.Debug|Any CPU.Build.0 = Debug|Any CPU
		{4A3C88CF-2B19-475A-A0CF-C1595A4E3A9A}.Debug|x64.ActiveCfg = Debug|Any CPU
		{4A3C88CF-2B19-475A-A0CF-C1595A4E3A9A}.Debug|x64.Build.0 = Debug|Any CPU
		{4A3C88CF-2B19-475A-A0CF-C1595A4E3A9A}.Debug|x86.ActiveCfg = Debug|Any CPU
		{4A3C88CF-2B19-475A-A0CF-C1595A4E3A9A}.Debug|x86.Build.0 = Debug|Any CPU
		{4A3C88CF-2B19-475A-A0CF-C1595A4E3A9A}.Release|Any CPU.ActiveCfg = Release|Any CPU
		{4A3C88CF-2B19-475A-A0CF-C1595A4E3A9A}.Release|Any CPU.Build.0 = Release|Any CPU
		{4A3C88CF-2B19-475A-A0CF-C1595A4E3A9A}.Release|x64.ActiveCfg = Release|Any CPU
		{4A3C88CF-2B19-475A-A0CF-C1595A4E3A9A}.Release|x64.Build.0 = Release|Any CPU
		{4A3C88CF-2B19-475A-A0CF-C1595A4E3A9A}.Release|x86.ActiveCfg = Release|Any CPU
		{4A3C88CF-2B19-475A-A0CF-C1595A4E3A9A}.Release|x86.Build.0 = Release|Any CPU
	EndGlobalSection
	GlobalSection(NestedProjects) = preSolution
		{3E56E6DD-B86C-41FC-9361-372E88ED9AB8} = {050B261F-AD85-4974-B58F-6CE2CB4A9EF1}
		{2683EF9C-7A5C-4D8A-A130-5E97B58A1B56} = {3E56E6DD-B86C-41FC-9361-372E88ED9AB8}
		{F170DB5D-8636-4AE7-9287-184FBBF9AED2} = {3E56E6DD-B86C-41FC-9361-372E88ED9AB8}
		{04B1542C-FE04-4940-87D9-0339D32DEB72} = {050B261F-AD85-4974-B58F-6CE2CB4A9EF1}
		{29447D86-AF1F-4795-9F65-EABB74D866FF} = {04B1542C-FE04-4940-87D9-0339D32DEB72}
		{735EC521-349E-4A8B-BD5B-ACE12A4651AA} = {04B1542C-FE04-4940-87D9-0339D32DEB72}
		{0D339EA8-A9A9-40E2-8A75-B586AA58CF0B} = {050B261F-AD85-4974-B58F-6CE2CB4A9EF1}
		{4A3C88CF-2B19-475A-A0CF-C1595A4E3A9A} = {0D339EA8-A9A9-40E2-8A75-B586AA58CF0B}
	EndGlobalSection
EndGlobal
