
Microsoft Visual Studio Solution File, Format Version 12.00
# Visual Studio Version 16
VisualStudioVersion = 16.0.30114.105
MinimumVisualStudioVersion = 10.0.40219.1
Project("{2150E333-8FDC-42A3-9474-1A3956D46DE8}") = "src", "src", "{F1F7FE85-2731-4D6D-B494-2299A57F3665}"
EndProject
Project("{2150E333-8FDC-42A3-9474-1A3956D46DE8}") = "core", "core", "{889B52EE-8B9F-482B-9508-C3D73FB9E6DF}"
EndProject
Project("{FAE04EC0-301F-11D3-BF4B-00C04F79EFBC}") = "Trekking.Domain", "src\core\Trekking.Domain\Trekking.Domain.csproj", "{518D9FCC-82CC-4D86-A403-5E9B087AF326}"
EndProject
Project("{FAE04EC0-301F-11D3-BF4B-00C04F79EFBC}") = "Trekking.Application", "src\core\Trekking.Application\Trekking.Application.csproj", "{A29390D2-10CE-4917-AB8C-9AD837F4125E}"
EndProject
Project("{2150E333-8FDC-42A3-9474-1A3956D46DE8}") = "infrastructure", "infrastructure", "{439A8095-2C24-41F0-AE3F-DCB684FF0900}"
EndProject
Project("{FAE04EC0-301F-11D3-BF4B-00C04F79EFBC}") = "Trekking.Data", "src\infrastructure\Trekking.Data\Trekking.Data.csproj", "{13FD40AE-63D4-4B6C-85B7-6CC4C146D229}"
EndProject
Project("{FAE04EC0-301F-11D3-BF4B-00C04F79EFBC}") = "Trekking.Shared", "src\infrastructure\Trekking.Shared\Trekking.Shared.csproj", "{76C3C4AD-4270-4A18-B973-48F519136AD8}"
EndProject
Project("{2150E333-8FDC-42A3-9474-1A3956D46DE8}") = "presentation", "presentation", "{AE9F3E0A-8008-4689-A58F-0D921BD3875D}"
EndProject
Project("{FAE04EC0-301F-11D3-BF4B-00C04F79EFBC}") = "Trekking.WebApi", "src\presentation\Trekking.WebApi\Trekking.WebApi.csproj", "{F8E636A9-AB6B-42B1-81F1-8E8D1BDDCDA2}"
EndProject
Global
	GlobalSection(SolutionConfigurationPlatforms) = preSolution
		Debug|Any CPU = Debug|Any CPU
		Debug|x64 = Debug|x64
		Debug|x86 = Debug|x86
		Release|Any CPU = Release|Any CPU
		Release|x64 = Release|x64
		Release|x86 = Release|x86
	EndGlobalSection
	GlobalSection(SolutionProperties) = preSolution
		HideSolutionNode = FALSE
	EndGlobalSection
	GlobalSection(ProjectConfigurationPlatforms) = postSolution
		{518D9FCC-82CC-4D86-A403-5E9B087AF326}.Debug|Any CPU.ActiveCfg = Debug|Any CPU
		{518D9FCC-82CC-4D86-A403-5E9B087AF326}.Debug|Any CPU.Build.0 = Debug|Any CPU
		{518D9FCC-82CC-4D86-A403-5E9B087AF326}.Debug|x64.ActiveCfg = Debug|Any CPU
		{518D9FCC-82CC-4D86-A403-5E9B087AF326}.Debug|x64.Build.0 = Debug|Any CPU
		{518D9FCC-82CC-4D86-A403-5E9B087AF326}.Debug|x86.ActiveCfg = Debug|Any CPU
		{518D9FCC-82CC-4D86-A403-5E9B087AF326}.Debug|x86.Build.0 = Debug|Any CPU
		{518D9FCC-82CC-4D86-A403-5E9B087AF326}.Release|Any CPU.ActiveCfg = Release|Any CPU
		{518D9FCC-82CC-4D86-A403-5E9B087AF326}.Release|Any CPU.Build.0 = Release|Any CPU
		{518D9FCC-82CC-4D86-A403-5E9B087AF326}.Release|x64.ActiveCfg = Release|Any CPU
		{518D9FCC-82CC-4D86-A403-5E9B087AF326}.Release|x64.Build.0 = Release|Any CPU
		{518D9FCC-82CC-4D86-A403-5E9B087AF326}.Release|x86.ActiveCfg = Release|Any CPU
		{518D9FCC-82CC-4D86-A403-5E9B087AF326}.Release|x86.Build.0 = Release|Any CPU
		{A29390D2-10CE-4917-AB8C-9AD837F4125E}.Debug|Any CPU.ActiveCfg = Debug|Any CPU
		{A29390D2-10CE-4917-AB8C-9AD837F4125E}.Debug|Any CPU.Build.0 = Debug|Any CPU
		{A29390D2-10CE-4917-AB8C-9AD837F4125E}.Debug|x64.ActiveCfg = Debug|Any CPU
		{A29390D2-10CE-4917-AB8C-9AD837F4125E}.Debug|x64.Build.0 = Debug|Any CPU
		{A29390D2-10CE-4917-AB8C-9AD837F4125E}.Debug|x86.ActiveCfg = Debug|Any CPU
		{A29390D2-10CE-4917-AB8C-9AD837F4125E}.Debug|x86.Build.0 = Debug|Any CPU
		{A29390D2-10CE-4917-AB8C-9AD837F4125E}.Release|Any CPU.ActiveCfg = Release|Any CPU
		{A29390D2-10CE-4917-AB8C-9AD837F4125E}.Release|Any CPU.Build.0 = Release|Any CPU
		{A29390D2-10CE-4917-AB8C-9AD837F4125E}.Release|x64.ActiveCfg = Release|Any CPU
		{A29390D2-10CE-4917-AB8C-9AD837F4125E}.Release|x64.Build.0 = Release|Any CPU
		{A29390D2-10CE-4917-AB8C-9AD837F4125E}.Release|x86.ActiveCfg = Release|Any CPU
		{A29390D2-10CE-4917-AB8C-9AD837F4125E}.Release|x86.Build.0 = Release|Any CPU
		{13FD40AE-63D4-4B6C-85B7-6CC4C146D229}.Debug|Any CPU.ActiveCfg = Debug|Any CPU
		{13FD40AE-63D4-4B6C-85B7-6CC4C146D229}.Debug|Any CPU.Build.0 = Debug|Any CPU
		{13FD40AE-63D4-4B6C-85B7-6CC4C146D229}.Debug|x64.ActiveCfg = Debug|Any CPU
		{13FD40AE-63D4-4B6C-85B7-6CC4C146D229}.Debug|x64.Build.0 = Debug|Any CPU
		{13FD40AE-63D4-4B6C-85B7-6CC4C146D229}.Debug|x86.ActiveCfg = Debug|Any CPU
		{13FD40AE-63D4-4B6C-85B7-6CC4C146D229}.Debug|x86.Build.0 = Debug|Any CPU
		{13FD40AE-63D4-4B6C-85B7-6CC4C146D229}.Release|Any CPU.ActiveCfg = Release|Any CPU
		{13FD40AE-63D4-4B6C-85B7-6CC4C146D229}.Release|Any CPU.Build.0 = Release|Any CPU
		{13FD40AE-63D4-4B6C-85B7-6CC4C146D229}.Release|x64.ActiveCfg = Release|Any CPU
		{13FD40AE-63D4-4B6C-85B7-6CC4C146D229}.Release|x64.Build.0 = Release|Any CPU
		{13FD40AE-63D4-4B6C-85B7-6CC4C146D229}.Release|x86.ActiveCfg = Release|Any CPU
		{13FD40AE-63D4-4B6C-85B7-6CC4C146D229}.Release|x86.Build.0 = Release|Any CPU
		{76C3C4AD-4270-4A18-B973-48F519136AD8}.Debug|Any CPU.ActiveCfg = Debug|Any CPU
		{76C3C4AD-4270-4A18-B973-48F519136AD8}.Debug|Any CPU.Build.0 = Debug|Any CPU
		{76C3C4AD-4270-4A18-B973-48F519136AD8}.Debug|x64.ActiveCfg = Debug|Any CPU
		{76C3C4AD-4270-4A18-B973-48F519136AD8}.Debug|x64.Build.0 = Debug|Any CPU
		{76C3C4AD-4270-4A18-B973-48F519136AD8}.Debug|x86.ActiveCfg = Debug|Any CPU
		{76C3C4AD-4270-4A18-B973-48F519136AD8}.Debug|x86.Build.0 = Debug|Any CPU
		{76C3C4AD-4270-4A18-B973-48F519136AD8}.Release|Any CPU.ActiveCfg = Release|Any CPU
		{76C3C4AD-4270-4A18-B973-48F519136AD8}.Release|Any CPU.Build.0 = Release|Any CPU
		{76C3C4AD-4270-4A18-B973-48F519136AD8}.Release|x64.ActiveCfg = Release|Any CPU
		{76C3C4AD-4270-4A18-B973-48F519136AD8}.Release|x64.Build.0 = Release|Any CPU
		{76C3C4AD-4270-4A18-B973-48F519136AD8}.Release|x86.ActiveCfg = Release|Any CPU
		{76C3C4AD-4270-4A18-B973-48F519136AD8}.Release|x86.Build.0 = Release|Any CPU
		{F8E636A9-AB6B-42B1-81F1-8E8D1BDDCDA2}.Debug|Any CPU.ActiveCfg = Debug|Any CPU
		{F8E636A9-AB6B-42B1-81F1-8E8D1BDDCDA2}.Debug|Any CPU.Build.0 = Debug|Any CPU
		{F8E636A9-AB6B-42B1-81F1-8E8D1BDDCDA2}.Debug|x64.ActiveCfg = Debug|Any CPU
		{F8E636A9-AB6B-42B1-81F1-8E8D1BDDCDA2}.Debug|x64.Build.0 = Debug|Any CPU
		{F8E636A9-AB6B-42B1-81F1-8E8D1BDDCDA2}.Debug|x86.ActiveCfg = Debug|Any CPU
		{F8E636A9-AB6B-42B1-81F1-8E8D1BDDCDA2}.Debug|x86.Build.0 = Debug|Any CPU
		{F8E636A9-AB6B-42B1-81F1-8E8D1BDDCDA2}.Release|Any CPU.ActiveCfg = Release|Any CPU
		{F8E636A9-AB6B-42B1-81F1-8E8D1BDDCDA2}.Release|Any CPU.Build.0 = Release|Any CPU
		{F8E636A9-AB6B-42B1-81F1-8E8D1BDDCDA2}.Release|x64.ActiveCfg = Release|Any CPU
		{F8E636A9-AB6B-42B1-81F1-8E8D1BDDCDA2}.Release|x64.Build.0 = Release|Any CPU
		{F8E636A9-AB6B-42B1-81F1-8E8D1BDDCDA2}.Release|x86.ActiveCfg = Release|Any CPU
		{F8E636A9-AB6B-42B1-81F1-8E8D1BDDCDA2}.Release|x86.Build.0 = Release|Any CPU
	EndGlobalSection
	GlobalSection(NestedProjects) = preSolution
		{889B52EE-8B9F-482B-9508-C3D73FB9E6DF} = {F1F7FE85-2731-4D6D-B494-2299A57F3665}
		{518D9FCC-82CC-4D86-A403-5E9B087AF326} = {889B52EE-8B9F-482B-9508-C3D73FB9E6DF}
		{A29390D2-10CE-4917-AB8C-9AD837F4125E} = {889B52EE-8B9F-482B-9508-C3D73FB9E6DF}
		{439A8095-2C24-41F0-AE3F-DCB684FF0900} = {F1F7FE85-2731-4D6D-B494-2299A57F3665}
		{13FD40AE-63D4-4B6C-85B7-6CC4C146D229} = {439A8095-2C24-41F0-AE3F-DCB684FF0900}
		{76C3C4AD-4270-4A18-B973-48F519136AD8} = {439A8095-2C24-41F0-AE3F-DCB684FF0900}
		{AE9F3E0A-8008-4689-A58F-0D921BD3875D} = {F1F7FE85-2731-4D6D-B494-2299A57F3665}
		{F8E636A9-AB6B-42B1-81F1-8E8D1BDDCDA2} = {AE9F3E0A-8008-4689-A58F-0D921BD3875D}
	EndGlobalSection
EndGlobal
