
Microsoft Visual Studio Solution File, Format Version 12.00
# Visual Studio Version 16
VisualStudioVersion = 16.0.30114.105
MinimumVisualStudioVersion = 10.0.40219.1
Project("{2150E333-8FDC-42A3-9474-1A3956D46DE8}") = "src", "src", "{3C1CA596-4870-4021-9116-9CB39EC11F5C}"
EndProject
Project("{2150E333-8FDC-42A3-9474-1A3956D46DE8}") = "core", "core", "{4D8FC532-CE2F-4DC6-AC4A-3E8C4AD6DE64}"
EndProject
Project("{FAE04EC0-301F-11D3-BF4B-00C04F79EFBC}") = "Cruises.Domain", "src\core\Cruises.Domain\Cruises.Domain.csproj", "{C220064F-9E1E-49CD-AEC4-4713526591D2}"
EndProject
Project("{FAE04EC0-301F-11D3-BF4B-00C04F79EFBC}") = "Cruises.Application", "src\core\Cruises.Application\Cruises.Application.csproj", "{DB4A8CA3-BCF1-41F1-A309-6AEDD1CFF89D}"
EndProject
Project("{2150E333-8FDC-42A3-9474-1A3956D46DE8}") = "infrastructure", "infrastructure", "{7670135B-D519-4807-8D6D-FE717114D859}"
EndProject
Project("{FAE04EC0-301F-11D3-BF4B-00C04F79EFBC}") = "Cruises.Data", "src\infrastructure\Cruises.Data\Cruises.Data.csproj", "{AAC92585-A6B4-4D7D-998B-E51E84E3BC56}"
EndProject
Project("{FAE04EC0-301F-11D3-BF4B-00C04F79EFBC}") = "Cruises.Shared", "src\infrastructure\Cruises.Shared\Cruises.Shared.csproj", "{F41D33A6-FC89-4990-95DD-3A12FBA00EFB}"
EndProject
Project("{2150E333-8FDC-42A3-9474-1A3956D46DE8}") = "presentation", "presentation", "{71B8F8EB-512A-4E78-8E8E-1726F5F6CE55}"
EndProject
Project("{FAE04EC0-301F-11D3-BF4B-00C04F79EFBC}") = "Cruises.WebApi", "src\presentation\Cruises.WebApi\Cruises.WebApi.csproj", "{0C498DCC-65E4-4FD0-B3CE-3BE48283BAD6}"
EndProject
Global
	GlobalSection(SolutionConfigurationPlatforms) = preSolution
		Debug|Any CPU = Debug|Any CPU
		Debug|x64 = Debug|x64
		Debug|x86 = Debug|x86
		Release|Any CPU = Release|Any CPU
		Release|x64 = Release|x64
		Release|x86 = Release|x86
	EndGlobalSection
	GlobalSection(SolutionProperties) = preSolution
		HideSolutionNode = FALSE
	EndGlobalSection
	GlobalSection(ProjectConfigurationPlatforms) = postSolution
		{C220064F-9E1E-49CD-AEC4-4713526591D2}.Debug|Any CPU.ActiveCfg = Debug|Any CPU
		{C220064F-9E1E-49CD-AEC4-4713526591D2}.Debug|Any CPU.Build.0 = Debug|Any CPU
		{C220064F-9E1E-49CD-AEC4-4713526591D2}.Debug|x64.ActiveCfg = Debug|Any CPU
		{C220064F-9E1E-49CD-AEC4-4713526591D2}.Debug|x64.Build.0 = Debug|Any CPU
		{C220064F-9E1E-49CD-AEC4-4713526591D2}.Debug|x86.ActiveCfg = Debug|Any CPU
		{C220064F-9E1E-49CD-AEC4-4713526591D2}.Debug|x86.Build.0 = Debug|Any CPU
		{C220064F-9E1E-49CD-AEC4-4713526591D2}.Release|Any CPU.ActiveCfg = Release|Any CPU
		{C220064F-9E1E-49CD-AEC4-4713526591D2}.Release|Any CPU.Build.0 = Release|Any CPU
		{C220064F-9E1E-49CD-AEC4-4713526591D2}.Release|x64.ActiveCfg = Release|Any CPU
		{C220064F-9E1E-49CD-AEC4-4713526591D2}.Release|x64.Build.0 = Release|Any CPU
		{C220064F-9E1E-49CD-AEC4-4713526591D2}.Release|x86.ActiveCfg = Release|Any CPU
		{C220064F-9E1E-49CD-AEC4-4713526591D2}.Release|x86.Build.0 = Release|Any CPU
		{DB4A8CA3-BCF1-41F1-A309-6AEDD1CFF89D}.Debug|Any CPU.ActiveCfg = Debug|Any CPU
		{DB4A8CA3-BCF1-41F1-A309-6AEDD1CFF89D}.Debug|Any CPU.Build.0 = Debug|Any CPU
		{DB4A8CA3-BCF1-41F1-A309-6AEDD1CFF89D}.Debug|x64.ActiveCfg = Debug|Any CPU
		{DB4A8CA3-BCF1-41F1-A309-6AEDD1CFF89D}.Debug|x64.Build.0 = Debug|Any CPU
		{DB4A8CA3-BCF1-41F1-A309-6AEDD1CFF89D}.Debug|x86.ActiveCfg = Debug|Any CPU
		{DB4A8CA3-BCF1-41F1-A309-6AEDD1CFF89D}.Debug|x86.Build.0 = Debug|Any CPU
		{DB4A8CA3-BCF1-41F1-A309-6AEDD1CFF89D}.Release|Any CPU.ActiveCfg = Release|Any CPU
		{DB4A8CA3-BCF1-41F1-A309-6AEDD1CFF89D}.Release|Any CPU.Build.0 = Release|Any CPU
		{DB4A8CA3-BCF1-41F1-A309-6AEDD1CFF89D}.Release|x64.ActiveCfg = Release|Any CPU
		{DB4A8CA3-BCF1-41F1-A309-6AEDD1CFF89D}.Release|x64.Build.0 = Release|Any CPU
		{DB4A8CA3-BCF1-41F1-A309-6AEDD1CFF89D}.Release|x86.ActiveCfg = Release|Any CPU
		{DB4A8CA3-BCF1-41F1-A309-6AEDD1CFF89D}.Release|x86.Build.0 = Release|Any CPU
		{AAC92585-A6B4-4D7D-998B-E51E84E3BC56}.Debug|Any CPU.ActiveCfg = Debug|Any CPU
		{AAC92585-A6B4-4D7D-998B-E51E84E3BC56}.Debug|Any CPU.Build.0 = Debug|Any CPU
		{AAC92585-A6B4-4D7D-998B-E51E84E3BC56}.Debug|x64.ActiveCfg = Debug|Any CPU
		{AAC92585-A6B4-4D7D-998B-E51E84E3BC56}.Debug|x64.Build.0 = Debug|Any CPU
		{AAC92585-A6B4-4D7D-998B-E51E84E3BC56}.Debug|x86.ActiveCfg = Debug|Any CPU
		{AAC92585-A6B4-4D7D-998B-E51E84E3BC56}.Debug|x86.Build.0 = Debug|Any CPU
		{AAC92585-A6B4-4D7D-998B-E51E84E3BC56}.Release|Any CPU.ActiveCfg = Release|Any CPU
		{AAC92585-A6B4-4D7D-998B-E51E84E3BC56}.Release|Any CPU.Build.0 = Release|Any CPU
		{AAC92585-A6B4-4D7D-998B-E51E84E3BC56}.Release|x64.ActiveCfg = Release|Any CPU
		{AAC92585-A6B4-4D7D-998B-E51E84E3BC56}.Release|x64.Build.0 = Release|Any CPU
		{AAC92585-A6B4-4D7D-998B-E51E84E3BC56}.Release|x86.ActiveCfg = Release|Any CPU
		{AAC92585-A6B4-4D7D-998B-E51E84E3BC56}.Release|x86.Build.0 = Release|Any CPU
		{F41D33A6-FC89-4990-95DD-3A12FBA00EFB}.Debug|Any CPU.ActiveCfg = Debug|Any CPU
		{F41D33A6-FC89-4990-95DD-3A12FBA00EFB}.Debug|Any CPU.Build.0 = Debug|Any CPU
		{F41D33A6-FC89-4990-95DD-3A12FBA00EFB}.Debug|x64.ActiveCfg = Debug|Any CPU
		{F41D33A6-FC89-4990-95DD-3A12FBA00EFB}.Debug|x64.Build.0 = Debug|Any CPU
		{F41D33A6-FC89-4990-95DD-3A12FBA00EFB}.Debug|x86.ActiveCfg = Debug|Any CPU
		{F41D33A6-FC89-4990-95DD-3A12FBA00EFB}.Debug|x86.Build.0 = Debug|Any CPU
		{F41D33A6-FC89-4990-95DD-3A12FBA00EFB}.Release|Any CPU.ActiveCfg = Release|Any CPU
		{F41D33A6-FC89-4990-95DD-3A12FBA00EFB}.Release|Any CPU.Build.0 = Release|Any CPU
		{F41D33A6-FC89-4990-95DD-3A12FBA00EFB}.Release|x64.ActiveCfg = Release|Any CPU
		{F41D33A6-FC89-4990-95DD-3A12FBA00EFB}.Release|x64.Build.0 = Release|Any CPU
		{F41D33A6-FC89-4990-95DD-3A12FBA00EFB}.Release|x86.ActiveCfg = Release|Any CPU
		{F41D33A6-FC89-4990-95DD-3A12FBA00EFB}.Release|x86.Build.0 = Release|Any CPU
		{0C498DCC-65E4-4FD0-B3CE-3BE48283BAD6}.Debug|Any CPU.ActiveCfg = Debug|Any CPU
		{0C498DCC-65E4-4FD0-B3CE-3BE48283BAD6}.Debug|Any CPU.Build.0 = Debug|Any CPU
		{0C498DCC-65E4-4FD0-B3CE-3BE48283BAD6}.Debug|x64.ActiveCfg = Debug|Any CPU
		{0C498DCC-65E4-4FD0-B3CE-3BE48283BAD6}.Debug|x64.Build.0 = Debug|Any CPU
		{0C498DCC-65E4-4FD0-B3CE-3BE48283BAD6}.Debug|x86.ActiveCfg = Debug|Any CPU
		{0C498DCC-65E4-4FD0-B3CE-3BE48283BAD6}.Debug|x86.Build.0 = Debug|Any CPU
		{0C498DCC-65E4-4FD0-B3CE-3BE48283BAD6}.Release|Any CPU.ActiveCfg = Release|Any CPU
		{0C498DCC-65E4-4FD0-B3CE-3BE48283BAD6}.Release|Any CPU.Build.0 = Release|Any CPU
		{0C498DCC-65E4-4FD0-B3CE-3BE48283BAD6}.Release|x64.ActiveCfg = Release|Any CPU
		{0C498DCC-65E4-4FD0-B3CE-3BE48283BAD6}.Release|x64.Build.0 = Release|Any CPU
		{0C498DCC-65E4-4FD0-B3CE-3BE48283BAD6}.Release|x86.ActiveCfg = Release|Any CPU
		{0C498DCC-65E4-4FD0-B3CE-3BE48283BAD6}.Release|x86.Build.0 = Release|Any CPU
	EndGlobalSection
	GlobalSection(NestedProjects) = preSolution
		{4D8FC532-CE2F-4DC6-AC4A-3E8C4AD6DE64} = {3C1CA596-4870-4021-9116-9CB39EC11F5C}
		{C220064F-9E1E-49CD-AEC4-4713526591D2} = {4D8FC532-CE2F-4DC6-AC4A-3E8C4AD6DE64}
		{DB4A8CA3-BCF1-41F1-A309-6AEDD1CFF89D} = {4D8FC532-CE2F-4DC6-AC4A-3E8C4AD6DE64}
		{7670135B-D519-4807-8D6D-FE717114D859} = {3C1CA596-4870-4021-9116-9CB39EC11F5C}
		{AAC92585-A6B4-4D7D-998B-E51E84E3BC56} = {7670135B-D519-4807-8D6D-FE717114D859}
		{F41D33A6-FC89-4990-95DD-3A12FBA00EFB} = {7670135B-D519-4807-8D6D-FE717114D859}
		{71B8F8EB-512A-4E78-8E8E-1726F5F6CE55} = {3C1CA596-4870-4021-9116-9CB39EC11F5C}
		{0C498DCC-65E4-4FD0-B3CE-3BE48283BAD6} = {71B8F8EB-512A-4E78-8E8E-1726F5F6CE55}
	EndGlobalSection
EndGlobal
