
Microsoft Visual Studio Solution File, Format Version 12.00
# Visual Studio Version 16
VisualStudioVersion = 16.0.30114.105
MinimumVisualStudioVersion = 10.0.40219.1
Project("{2150E333-8FDC-42A3-9474-1A3956D46DE8}") = "src", "src", "{254D10B0-5677-4763-897A-2C9BF885EA74}"
EndProject
Project("{2150E333-8FDC-42A3-9474-1A3956D46DE8}") = "core", "core", "{20C94D64-D2C0-4594-AC9E-0B1F7C55C511}"
EndProject
Project("{FAE04EC0-301F-11D3-BF4B-00C04F79EFBC}") = "Holiday.Domain", "src\core\Holiday.Domain\Holiday.Domain.csproj", "{9624AA38-3A64-4677-97B0-62F93791F8BE}"
EndProject
Project("{FAE04EC0-301F-11D3-BF4B-00C04F79EFBC}") = "Holiday.Application", "src\core\Holiday.Application\Holiday.Application.csproj", "{17BC34AC-A3E6-437C-8C95-AF67AC23A9BD}"
EndProject
Project("{2150E333-8FDC-42A3-9474-1A3956D46DE8}") = "infrastructure", "infrastructure", "{B622CACF-62CE-42FA-8595-EF0B4AD26943}"
EndProject
Project("{FAE04EC0-301F-11D3-BF4B-00C04F79EFBC}") = "Holiday.Data", "src\infrastructure\Holiday.Data\Holiday.Data.csproj", "{7C4046EB-2D79-4926-8B78-A1A018F243EB}"
EndProject
Project("{FAE04EC0-301F-11D3-BF4B-00C04F79EFBC}") = "Holiday.Shared", "src\infrastructure\Holiday.Shared\Holiday.Shared.csproj", "{9D01301C-6BC2-4D75-BE05-BFF147EF956A}"
EndProject
Project("{2150E333-8FDC-42A3-9474-1A3956D46DE8}") = "presentation", "presentation", "{13980EA6-0807-4BB2-81DD-ADACC9D3C606}"
EndProject
Project("{FAE04EC0-301F-11D3-BF4B-00C04F79EFBC}") = "Holiday.WebApi", "src\presentation\Holiday.WebApi\Holiday.WebApi.csproj", "{5838AA10-3AD6-4609-924D-778BDE927DCF}"
EndProject
Global
	GlobalSection(SolutionConfigurationPlatforms) = preSolution
		Debug|Any CPU = Debug|Any CPU
		Debug|x64 = Debug|x64
		Debug|x86 = Debug|x86
		Release|Any CPU = Release|Any CPU
		Release|x64 = Release|x64
		Release|x86 = Release|x86
	EndGlobalSection
	GlobalSection(SolutionProperties) = preSolution
		HideSolutionNode = FALSE
	EndGlobalSection
	GlobalSection(ProjectConfigurationPlatforms) = postSolution
		{9624AA38-3A64-4677-97B0-62F93791F8BE}.Debug|Any CPU.ActiveCfg = Debug|Any CPU
		{9624AA38-3A64-4677-97B0-62F93791F8BE}.Debug|Any CPU.Build.0 = Debug|Any CPU
		{9624AA38-3A64-4677-97B0-62F93791F8BE}.Debug|x64.ActiveCfg = Debug|Any CPU
		{9624AA38-3A64-4677-97B0-62F93791F8BE}.Debug|x64.Build.0 = Debug|Any CPU
		{9624AA38-3A64-4677-97B0-62F93791F8BE}.Debug|x86.ActiveCfg = Debug|Any CPU
		{9624AA38-3A64-4677-97B0-62F93791F8BE}.Debug|x86.Build.0 = Debug|Any CPU
		{9624AA38-3A64-4677-97B0-62F93791F8BE}.Release|Any CPU.ActiveCfg = Release|Any CPU
		{9624AA38-3A64-4677-97B0-62F93791F8BE}.Release|Any CPU.Build.0 = Release|Any CPU
		{9624AA38-3A64-4677-97B0-62F93791F8BE}.Release|x64.ActiveCfg = Release|Any CPU
		{9624AA38-3A64-4677-97B0-62F93791F8BE}.Release|x64.Build.0 = Release|Any CPU
		{9624AA38-3A64-4677-97B0-62F93791F8BE}.Release|x86.ActiveCfg = Release|Any CPU
		{9624AA38-3A64-4677-97B0-62F93791F8BE}.Release|x86.Build.0 = Release|Any CPU
		{17BC34AC-A3E6-437C-8C95-AF67AC23A9BD}.Debug|Any CPU.ActiveCfg = Debug|Any CPU
		{17BC34AC-A3E6-437C-8C95-AF67AC23A9BD}.Debug|Any CPU.Build.0 = Debug|Any CPU
		{17BC34AC-A3E6-437C-8C95-AF67AC23A9BD}.Debug|x64.ActiveCfg = Debug|Any CPU
		{17BC34AC-A3E6-437C-8C95-AF67AC23A9BD}.Debug|x64.Build.0 = Debug|Any CPU
		{17BC34AC-A3E6-437C-8C95-AF67AC23A9BD}.Debug|x86.ActiveCfg = Debug|Any CPU
		{17BC34AC-A3E6-437C-8C95-AF67AC23A9BD}.Debug|x86.Build.0 = Debug|Any CPU
		{17BC34AC-A3E6-437C-8C95-AF67AC23A9BD}.Release|Any CPU.ActiveCfg = Release|Any CPU
		{17BC34AC-A3E6-437C-8C95-AF67AC23A9BD}.Release|Any CPU.Build.0 = Release|Any CPU
		{17BC34AC-A3E6-437C-8C95-AF67AC23A9BD}.Release|x64.ActiveCfg = Release|Any CPU
		{17BC34AC-A3E6-437C-8C95-AF67AC23A9BD}.Release|x64.Build.0 = Release|Any CPU
		{17BC34AC-A3E6-437C-8C95-AF67AC23A9BD}.Release|x86.ActiveCfg = Release|Any CPU
		{17BC34AC-A3E6-437C-8C95-AF67AC23A9BD}.Release|x86.Build.0 = Release|Any CPU
		{7C4046EB-2D79-4926-8B78-A1A018F243EB}.Debug|Any CPU.ActiveCfg = Debug|Any CPU
		{7C4046EB-2D79-4926-8B78-A1A018F243EB}.Debug|Any CPU.Build.0 = Debug|Any CPU
		{7C4046EB-2D79-4926-8B78-A1A018F243EB}.Debug|x64.ActiveCfg = Debug|Any CPU
		{7C4046EB-2D79-4926-8B78-A1A018F243EB}.Debug|x64.Build.0 = Debug|Any CPU
		{7C4046EB-2D79-4926-8B78-A1A018F243EB}.Debug|x86.ActiveCfg = Debug|Any CPU
		{7C4046EB-2D79-4926-8B78-A1A018F243EB}.Debug|x86.Build.0 = Debug|Any CPU
		{7C4046EB-2D79-4926-8B78-A1A018F243EB}.Release|Any CPU.ActiveCfg = Release|Any CPU
		{7C4046EB-2D79-4926-8B78-A1A018F243EB}.Release|Any CPU.Build.0 = Release|Any CPU
		{7C4046EB-2D79-4926-8B78-A1A018F243EB}.Release|x64.ActiveCfg = Release|Any CPU
		{7C4046EB-2D79-4926-8B78-A1A018F243EB}.Release|x64.Build.0 = Release|Any CPU
		{7C4046EB-2D79-4926-8B78-A1A018F243EB}.Release|x86.ActiveCfg = Release|Any CPU
		{7C4046EB-2D79-4926-8B78-A1A018F243EB}.Release|x86.Build.0 = Release|Any CPU
		{9D01301C-6BC2-4D75-BE05-BFF147EF956A}.Debug|Any CPU.ActiveCfg = Debug|Any CPU
		{9D01301C-6BC2-4D75-BE05-BFF147EF956A}.Debug|Any CPU.Build.0 = Debug|Any CPU
		{9D01301C-6BC2-4D75-BE05-BFF147EF956A}.Debug|x64.ActiveCfg = Debug|Any CPU
		{9D01301C-6BC2-4D75-BE05-BFF147EF956A}.Debug|x64.Build.0 = Debug|Any CPU
		{9D01301C-6BC2-4D75-BE05-BFF147EF956A}.Debug|x86.ActiveCfg = Debug|Any CPU
		{9D01301C-6BC2-4D75-BE05-BFF147EF956A}.Debug|x86.Build.0 = Debug|Any CPU
		{9D01301C-6BC2-4D75-BE05-BFF147EF956A}.Release|Any CPU.ActiveCfg = Release|Any CPU
		{9D01301C-6BC2-4D75-BE05-BFF147EF956A}.Release|Any CPU.Build.0 = Release|Any CPU
		{9D01301C-6BC2-4D75-BE05-BFF147EF956A}.Release|x64.ActiveCfg = Release|Any CPU
		{9D01301C-6BC2-4D75-BE05-BFF147EF956A}.Release|x64.Build.0 = Release|Any CPU
		{9D01301C-6BC2-4D75-BE05-BFF147EF956A}.Release|x86.ActiveCfg = Release|Any CPU
		{9D01301C-6BC2-4D75-BE05-BFF147EF956A}.Release|x86.Build.0 = Release|Any CPU
		{5838AA10-3AD6-4609-924D-778BDE927DCF}.Debug|Any CPU.ActiveCfg = Debug|Any CPU
		{5838AA10-3AD6-4609-924D-778BDE927DCF}.Debug|Any CPU.Build.0 = Debug|Any CPU
		{5838AA10-3AD6-4609-924D-778BDE927DCF}.Debug|x64.ActiveCfg = Debug|Any CPU
		{5838AA10-3AD6-4609-924D-778BDE927DCF}.Debug|x64.Build.0 = Debug|Any CPU
		{5838AA10-3AD6-4609-924D-778BDE927DCF}.Debug|x86.ActiveCfg = Debug|Any CPU
		{5838AA10-3AD6-4609-924D-778BDE927DCF}.Debug|x86.Build.0 = Debug|Any CPU
		{5838AA10-3AD6-4609-924D-778BDE927DCF}.Release|Any CPU.ActiveCfg = Release|Any CPU
		{5838AA10-3AD6-4609-924D-778BDE927DCF}.Release|Any CPU.Build.0 = Release|Any CPU
		{5838AA10-3AD6-4609-924D-778BDE927DCF}.Release|x64.ActiveCfg = Release|Any CPU
		{5838AA10-3AD6-4609-924D-778BDE927DCF}.Release|x64.Build.0 = Release|Any CPU
		{5838AA10-3AD6-4609-924D-778BDE927DCF}.Release|x86.ActiveCfg = Release|Any CPU
		{5838AA10-3AD6-4609-924D-778BDE927DCF}.Release|x86.Build.0 = Release|Any CPU
	EndGlobalSection
	GlobalSection(NestedProjects) = preSolution
		{20C94D64-D2C0-4594-AC9E-0B1F7C55C511} = {254D10B0-5677-4763-897A-2C9BF885EA74}
		{9624AA38-3A64-4677-97B0-62F93791F8BE} = {20C94D64-D2C0-4594-AC9E-0B1F7C55C511}
		{17BC34AC-A3E6-437C-8C95-AF67AC23A9BD} = {20C94D64-D2C0-4594-AC9E-0B1F7C55C511}
		{B622CACF-62CE-42FA-8595-EF0B4AD26943} = {254D10B0-5677-4763-897A-2C9BF885EA74}
		{7C4046EB-2D79-4926-8B78-A1A018F243EB} = {B622CACF-62CE-42FA-8595-EF0B4AD26943}
		{9D01301C-6BC2-4D75-BE05-BFF147EF956A} = {B622CACF-62CE-42FA-8595-EF0B4AD26943}
		{13980EA6-0807-4BB2-81DD-ADACC9D3C606} = {254D10B0-5677-4763-897A-2C9BF885EA74}
		{5838AA10-3AD6-4609-924D-778BDE927DCF} = {13980EA6-0807-4BB2-81DD-ADACC9D3C606}
	EndGlobalSection
EndGlobal
