
Microsoft Visual Studio Solution File, Format Version 12.00
# Visual Studio Version 16
VisualStudioVersion = 16.0.30114.105
MinimumVisualStudioVersion = 10.0.40219.1
Project("{2150E333-8FDC-42A3-9474-1A3956D46DE8}") = "src", "src", "{F6468F73-C352-402D-8341-E2709C66F6E3}"
EndProject
Project("{2150E333-8FDC-42A3-9474-1A3956D46DE8}") = "core", "core", "{B9885318-D19A-4431-A5D8-1F4D70001F93}"
EndProject
Project("{FAE04EC0-301F-11D3-BF4B-00C04F79EFBC}") = "Holiday.Domain", "src\core\Holiday.Domain\Holiday.Domain.csproj", "{71C16849-38A2-48BC-9624-73329E608F2E}"
EndProject
Project("{FAE04EC0-301F-11D3-BF4B-00C04F79EFBC}") = "Holiday.Application", "src\core\Holiday.Application\Holiday.Application.csproj", "{9C130D29-8914-4CA5-945C-6CC9F04CD654}"
EndProject
Project("{2150E333-8FDC-42A3-9474-1A3956D46DE8}") = "infrastructure", "infrastructure", "{ED672E35-3D90-4D4B-A959-A90C4FBE2D9C}"
EndProject
Project("{FAE04EC0-301F-11D3-BF4B-00C04F79EFBC}") = "Holiday.Data", "src\infrastructure\Holiday.Data\Holiday.Data.csproj", "{92BA760D-4737-4616-B943-1FF7EAC0BCDB}"
EndProject
Project("{FAE04EC0-301F-11D3-BF4B-00C04F79EFBC}") = "Holiday.Shared", "src\infrastructure\Holiday.Shared\Holiday.Shared.csproj", "{3D675CBB-48D9-4436-BECC-B6D764F0796C}"
EndProject
Project("{2150E333-8FDC-42A3-9474-1A3956D46DE8}") = "presentation", "presentation", "{B50AE0F7-1E6F-461F-920B-5717293E74DB}"
EndProject
Project("{FAE04EC0-301F-11D3-BF4B-00C04F79EFBC}") = "Holiday.WebApi", "src\presentation\Holiday.WebApi\Holiday.WebApi.csproj", "{A2165268-6E1C-442C-B0CF-E948226F58E6}"
EndProject
Global
	GlobalSection(SolutionConfigurationPlatforms) = preSolution
		Debug|Any CPU = Debug|Any CPU
		Debug|x64 = Debug|x64
		Debug|x86 = Debug|x86
		Release|Any CPU = Release|Any CPU
		Release|x64 = Release|x64
		Release|x86 = Release|x86
	EndGlobalSection
	GlobalSection(SolutionProperties) = preSolution
		HideSolutionNode = FALSE
	EndGlobalSection
	GlobalSection(ProjectConfigurationPlatforms) = postSolution
		{71C16849-38A2-48BC-9624-73329E608F2E}.Debug|Any CPU.ActiveCfg = Debug|Any CPU
		{71C16849-38A2-48BC-9624-73329E608F2E}.Debug|Any CPU.Build.0 = Debug|Any CPU
		{71C16849-38A2-48BC-9624-73329E608F2E}.Debug|x64.ActiveCfg = Debug|Any CPU
		{71C16849-38A2-48BC-9624-73329E608F2E}.Debug|x64.Build.0 = Debug|Any CPU
		{71C16849-38A2-48BC-9624-73329E608F2E}.Debug|x86.ActiveCfg = Debug|Any CPU
		{71C16849-38A2-48BC-9624-73329E608F2E}.Debug|x86.Build.0 = Debug|Any CPU
		{71C16849-38A2-48BC-9624-73329E608F2E}.Release|Any CPU.ActiveCfg = Release|Any CPU
		{71C16849-38A2-48BC-9624-73329E608F2E}.Release|Any CPU.Build.0 = Release|Any CPU
		{71C16849-38A2-48BC-9624-73329E608F2E}.Release|x64.ActiveCfg = Release|Any CPU
		{71C16849-38A2-48BC-9624-73329E608F2E}.Release|x64.Build.0 = Release|Any CPU
		{71C16849-38A2-48BC-9624-73329E608F2E}.Release|x86.ActiveCfg = Release|Any CPU
		{71C16849-38A2-48BC-9624-73329E608F2E}.Release|x86.Build.0 = Release|Any CPU
		{9C130D29-8914-4CA5-945C-6CC9F04CD654}.Debug|Any CPU.ActiveCfg = Debug|Any CPU
		{9C130D29-8914-4CA5-945C-6CC9F04CD654}.Debug|Any CPU.Build.0 = Debug|Any CPU
		{9C130D29-8914-4CA5-945C-6CC9F04CD654}.Debug|x64.ActiveCfg = Debug|Any CPU
		{9C130D29-8914-4CA5-945C-6CC9F04CD654}.Debug|x64.Build.0 = Debug|Any CPU
		{9C130D29-8914-4CA5-945C-6CC9F04CD654}.Debug|x86.ActiveCfg = Debug|Any CPU
		{9C130D29-8914-4CA5-945C-6CC9F04CD654}.Debug|x86.Build.0 = Debug|Any CPU
		{9C130D29-8914-4CA5-945C-6CC9F04CD654}.Release|Any CPU.ActiveCfg = Release|Any CPU
		{9C130D29-8914-4CA5-945C-6CC9F04CD654}.Release|Any CPU.Build.0 = Release|Any CPU
		{9C130D29-8914-4CA5-945C-6CC9F04CD654}.Release|x64.ActiveCfg = Release|Any CPU
		{9C130D29-8914-4CA5-945C-6CC9F04CD654}.Release|x64.Build.0 = Release|Any CPU
		{9C130D29-8914-4CA5-945C-6CC9F04CD654}.Release|x86.ActiveCfg = Release|Any CPU
		{9C130D29-8914-4CA5-945C-6CC9F04CD654}.Release|x86.Build.0 = Release|Any CPU
		{92BA760D-4737-4616-B943-1FF7EAC0BCDB}.Debug|Any CPU.ActiveCfg = Debug|Any CPU
		{92BA760D-4737-4616-B943-1FF7EAC0BCDB}.Debug|Any CPU.Build.0 = Debug|Any CPU
		{92BA760D-4737-4616-B943-1FF7EAC0BCDB}.Debug|x64.ActiveCfg = Debug|Any CPU
		{92BA760D-4737-4616-B943-1FF7EAC0BCDB}.Debug|x64.Build.0 = Debug|Any CPU
		{92BA760D-4737-4616-B943-1FF7EAC0BCDB}.Debug|x86.ActiveCfg = Debug|Any CPU
		{92BA760D-4737-4616-B943-1FF7EAC0BCDB}.Debug|x86.Build.0 = Debug|Any CPU
		{92BA760D-4737-4616-B943-1FF7EAC0BCDB}.Release|Any CPU.ActiveCfg = Release|Any CPU
		{92BA760D-4737-4616-B943-1FF7EAC0BCDB}.Release|Any CPU.Build.0 = Release|Any CPU
		{92BA760D-4737-4616-B943-1FF7EAC0BCDB}.Release|x64.ActiveCfg = Release|Any CPU
		{92BA760D-4737-4616-B943-1FF7EAC0BCDB}.Release|x64.Build.0 = Release|Any CPU
		{92BA760D-4737-4616-B943-1FF7EAC0BCDB}.Release|x86.ActiveCfg = Release|Any CPU
		{92BA760D-4737-4616-B943-1FF7EAC0BCDB}.Release|x86.Build.0 = Release|Any CPU
		{3D675CBB-48D9-4436-BECC-B6D764F0796C}.Debug|Any CPU.ActiveCfg = Debug|Any CPU
		{3D675CBB-48D9-4436-BECC-B6D764F0796C}.Debug|Any CPU.Build.0 = Debug|Any CPU
		{3D675CBB-48D9-4436-BECC-B6D764F0796C}.Debug|x64.ActiveCfg = Debug|Any CPU
		{3D675CBB-48D9-4436-BECC-B6D764F0796C}.Debug|x64.Build.0 = Debug|Any CPU
		{3D675CBB-48D9-4436-BECC-B6D764F0796C}.Debug|x86.ActiveCfg = Debug|Any CPU
		{3D675CBB-48D9-4436-BECC-B6D764F0796C}.Debug|x86.Build.0 = Debug|Any CPU
		{3D675CBB-48D9-4436-BECC-B6D764F0796C}.Release|Any CPU.ActiveCfg = Release|Any CPU
		{3D675CBB-48D9-4436-BECC-B6D764F0796C}.Release|Any CPU.Build.0 = Release|Any CPU
		{3D675CBB-48D9-4436-BECC-B6D764F0796C}.Release|x64.ActiveCfg = Release|Any CPU
		{3D675CBB-48D9-4436-BECC-B6D764F0796C}.Release|x64.Build.0 = Release|Any CPU
		{3D675CBB-48D9-4436-BECC-B6D764F0796C}.Release|x86.ActiveCfg = Release|Any CPU
		{3D675CBB-48D9-4436-BECC-B6D764F0796C}.Release|x86.Build.0 = Release|Any CPU
		{A2165268-6E1C-442C-B0CF-E948226F58E6}.Debug|Any CPU.ActiveCfg = Debug|Any CPU
		{A2165268-6E1C-442C-B0CF-E948226F58E6}.Debug|Any CPU.Build.0 = Debug|Any CPU
		{A2165268-6E1C-442C-B0CF-E948226F58E6}.Debug|x64.ActiveCfg = Debug|Any CPU
		{A2165268-6E1C-442C-B0CF-E948226F58E6}.Debug|x64.Build.0 = Debug|Any CPU
		{A2165268-6E1C-442C-B0CF-E948226F58E6}.Debug|x86.ActiveCfg = Debug|Any CPU
		{A2165268-6E1C-442C-B0CF-E948226F58E6}.Debug|x86.Build.0 = Debug|Any CPU
		{A2165268-6E1C-442C-B0CF-E948226F58E6}.Release|Any CPU.ActiveCfg = Release|Any CPU
		{A2165268-6E1C-442C-B0CF-E948226F58E6}.Release|Any CPU.Build.0 = Release|Any CPU
		{A2165268-6E1C-442C-B0CF-E948226F58E6}.Release|x64.ActiveCfg = Release|Any CPU
		{A2165268-6E1C-442C-B0CF-E948226F58E6}.Release|x64.Build.0 = Release|Any CPU
		{A2165268-6E1C-442C-B0CF-E948226F58E6}.Release|x86.ActiveCfg = Release|Any CPU
		{A2165268-6E1C-442C-B0CF-E948226F58E6}.Release|x86.Build.0 = Release|Any CPU
	EndGlobalSection
	GlobalSection(NestedProjects) = preSolution
		{B9885318-D19A-4431-A5D8-1F4D70001F93} = {F6468F73-C352-402D-8341-E2709C66F6E3}
		{71C16849-38A2-48BC-9624-73329E608F2E} = {B9885318-D19A-4431-A5D8-1F4D70001F93}
		{9C130D29-8914-4CA5-945C-6CC9F04CD654} = {B9885318-D19A-4431-A5D8-1F4D70001F93}
		{ED672E35-3D90-4D4B-A959-A90C4FBE2D9C} = {F6468F73-C352-402D-8341-E2709C66F6E3}
		{92BA760D-4737-4616-B943-1FF7EAC0BCDB} = {ED672E35-3D90-4D4B-A959-A90C4FBE2D9C}
		{3D675CBB-48D9-4436-BECC-B6D764F0796C} = {ED672E35-3D90-4D4B-A959-A90C4FBE2D9C}
		{B50AE0F7-1E6F-461F-920B-5717293E74DB} = {F6468F73-C352-402D-8341-E2709C66F6E3}
		{A2165268-6E1C-442C-B0CF-E948226F58E6} = {B50AE0F7-1E6F-461F-920B-5717293E74DB}
	EndGlobalSection
EndGlobal
