
Microsoft Visual Studio Solution File, Format Version 12.00
# Visual Studio Version 16
VisualStudioVersion = 16.0.30114.105
MinimumVisualStudioVersion = 10.0.40219.1
Project("{2150E333-8FDC-42A3-9474-1A3956D46DE8}") = "src", "src", "{B84A9A8A-1176-4151-A9C0-5A94258E469D}"
EndProject
Project("{2150E333-8FDC-42A3-9474-1A3956D46DE8}") = "core", "core", "{AEDB73E0-CBEA-45E4-885C-584CBBC6628C}"
EndProject
Project("{FAE04EC0-301F-11D3-BF4B-00C04F79EFBC}") = "Biking.Domain", "src\core\Biking.Domain\Biking.Domain.csproj", "{AB2A9EB0-8F96-43FC-B9DC-8C6DEF4D44D6}"
EndProject
Project("{FAE04EC0-301F-11D3-BF4B-00C04F79EFBC}") = "Biking.Application", "src\core\Biking.Application\Biking.Application.csproj", "{53837B15-8635-4040-B0C9-B9A14E2BE734}"
EndProject
Project("{2150E333-8FDC-42A3-9474-1A3956D46DE8}") = "infrastructure", "infrastructure", "{FEC9B712-3AF1-4B51-86A4-56A7B5A66023}"
EndProject
Project("{FAE04EC0-301F-11D3-BF4B-00C04F79EFBC}") = "Biking.Data", "src\infrastructure\Biking.Data\Biking.Data.csproj", "{F943C0B8-E1D7-496D-9D71-C43762B50EFE}"
EndProject
Project("{FAE04EC0-301F-11D3-BF4B-00C04F79EFBC}") = "Biking.Shared", "src\infrastructure\Biking.Shared\Biking.Shared.csproj", "{3E14DFA5-709F-4AC7-983C-F68E644F3594}"
EndProject
Project("{2150E333-8FDC-42A3-9474-1A3956D46DE8}") = "presentation", "presentation", "{2F91A76C-5D32-49D7-BEEB-8B7163378C11}"
EndProject
Project("{FAE04EC0-301F-11D3-BF4B-00C04F79EFBC}") = "Biking.WebApi", "src\presentation\Biking.WebApi\Biking.WebApi.csproj", "{7BEA7337-7B43-485C-BFFD-8DFD2BD614E3}"
EndProject
Global
	GlobalSection(SolutionConfigurationPlatforms) = preSolution
		Debug|Any CPU = Debug|Any CPU
		Debug|x64 = Debug|x64
		Debug|x86 = Debug|x86
		Release|Any CPU = Release|Any CPU
		Release|x64 = Release|x64
		Release|x86 = Release|x86
	EndGlobalSection
	GlobalSection(SolutionProperties) = preSolution
		HideSolutionNode = FALSE
	EndGlobalSection
	GlobalSection(ProjectConfigurationPlatforms) = postSolution
		{AB2A9EB0-8F96-43FC-B9DC-8C6DEF4D44D6}.Debug|Any CPU.ActiveCfg = Debug|Any CPU
		{AB2A9EB0-8F96-43FC-B9DC-8C6DEF4D44D6}.Debug|Any CPU.Build.0 = Debug|Any CPU
		{AB2A9EB0-8F96-43FC-B9DC-8C6DEF4D44D6}.Debug|x64.ActiveCfg = Debug|Any CPU
		{AB2A9EB0-8F96-43FC-B9DC-8C6DEF4D44D6}.Debug|x64.Build.0 = Debug|Any CPU
		{AB2A9EB0-8F96-43FC-B9DC-8C6DEF4D44D6}.Debug|x86.ActiveCfg = Debug|Any CPU
		{AB2A9EB0-8F96-43FC-B9DC-8C6DEF4D44D6}.Debug|x86.Build.0 = Debug|Any CPU
		{AB2A9EB0-8F96-43FC-B9DC-8C6DEF4D44D6}.Release|Any CPU.ActiveCfg = Release|Any CPU
		{AB2A9EB0-8F96-43FC-B9DC-8C6DEF4D44D6}.Release|Any CPU.Build.0 = Release|Any CPU
		{AB2A9EB0-8F96-43FC-B9DC-8C6DEF4D44D6}.Release|x64.ActiveCfg = Release|Any CPU
		{AB2A9EB0-8F96-43FC-B9DC-8C6DEF4D44D6}.Release|x64.Build.0 = Release|Any CPU
		{AB2A9EB0-8F96-43FC-B9DC-8C6DEF4D44D6}.Release|x86.ActiveCfg = Release|Any CPU
		{AB2A9EB0-8F96-43FC-B9DC-8C6DEF4D44D6}.Release|x86.Build.0 = Release|Any CPU
		{53837B15-8635-4040-B0C9-B9A14E2BE734}.Debug|Any CPU.ActiveCfg = Debug|Any CPU
		{53837B15-8635-4040-B0C9-B9A14E2BE734}.Debug|Any CPU.Build.0 = Debug|Any CPU
		{53837B15-8635-4040-B0C9-B9A14E2BE734}.Debug|x64.ActiveCfg = Debug|Any CPU
		{53837B15-8635-4040-B0C9-B9A14E2BE734}.Debug|x64.Build.0 = Debug|Any CPU
		{53837B15-8635-4040-B0C9-B9A14E2BE734}.Debug|x86.ActiveCfg = Debug|Any CPU
		{53837B15-8635-4040-B0C9-B9A14E2BE734}.Debug|x86.Build.0 = Debug|Any CPU
		{53837B15-8635-4040-B0C9-B9A14E2BE734}.Release|Any CPU.ActiveCfg = Release|Any CPU
		{53837B15-8635-4040-B0C9-B9A14E2BE734}.Release|Any CPU.Build.0 = Release|Any CPU
		{53837B15-8635-4040-B0C9-B9A14E2BE734}.Release|x64.ActiveCfg = Release|Any CPU
		{53837B15-8635-4040-B0C9-B9A14E2BE734}.Release|x64.Build.0 = Release|Any CPU
		{53837B15-8635-4040-B0C9-B9A14E2BE734}.Release|x86.ActiveCfg = Release|Any CPU
		{53837B15-8635-4040-B0C9-B9A14E2BE734}.Release|x86.Build.0 = Release|Any CPU
		{F943C0B8-E1D7-496D-9D71-C43762B50EFE}.Debug|Any CPU.ActiveCfg = Debug|Any CPU
		{F943C0B8-E1D7-496D-9D71-C43762B50EFE}.Debug|Any CPU.Build.0 = Debug|Any CPU
		{F943C0B8-E1D7-496D-9D71-C43762B50EFE}.Debug|x64.ActiveCfg = Debug|Any CPU
		{F943C0B8-E1D7-496D-9D71-C43762B50EFE}.Debug|x64.Build.0 = Debug|Any CPU
		{F943C0B8-E1D7-496D-9D71-C43762B50EFE}.Debug|x86.ActiveCfg = Debug|Any CPU
		{F943C0B8-E1D7-496D-9D71-C43762B50EFE}.Debug|x86.Build.0 = Debug|Any CPU
		{F943C0B8-E1D7-496D-9D71-C43762B50EFE}.Release|Any CPU.ActiveCfg = Release|Any CPU
		{F943C0B8-E1D7-496D-9D71-C43762B50EFE}.Release|Any CPU.Build.0 = Release|Any CPU
		{F943C0B8-E1D7-496D-9D71-C43762B50EFE}.Release|x64.ActiveCfg = Release|Any CPU
		{F943C0B8-E1D7-496D-9D71-C43762B50EFE}.Release|x64.Build.0 = Release|Any CPU
		{F943C0B8-E1D7-496D-9D71-C43762B50EFE}.Release|x86.ActiveCfg = Release|Any CPU
		{F943C0B8-E1D7-496D-9D71-C43762B50EFE}.Release|x86.Build.0 = Release|Any CPU
		{3E14DFA5-709F-4AC7-983C-F68E644F3594}.Debug|Any CPU.ActiveCfg = Debug|Any CPU
		{3E14DFA5-709F-4AC7-983C-F68E644F3594}.Debug|Any CPU.Build.0 = Debug|Any CPU
		{3E14DFA5-709F-4AC7-983C-F68E644F3594}.Debug|x64.ActiveCfg = Debug|Any CPU
		{3E14DFA5-709F-4AC7-983C-F68E644F3594}.Debug|x64.Build.0 = Debug|Any CPU
		{3E14DFA5-709F-4AC7-983C-F68E644F3594}.Debug|x86.ActiveCfg = Debug|Any CPU
		{3E14DFA5-709F-4AC7-983C-F68E644F3594}.Debug|x86.Build.0 = Debug|Any CPU
		{3E14DFA5-709F-4AC7-983C-F68E644F3594}.Release|Any CPU.ActiveCfg = Release|Any CPU
		{3E14DFA5-709F-4AC7-983C-F68E644F3594}.Release|Any CPU.Build.0 = Release|Any CPU
		{3E14DFA5-709F-4AC7-983C-F68E644F3594}.Release|x64.ActiveCfg = Release|Any CPU
		{3E14DFA5-709F-4AC7-983C-F68E644F3594}.Release|x64.Build.0 = Release|Any CPU
		{3E14DFA5-709F-4AC7-983C-F68E644F3594}.Release|x86.ActiveCfg = Release|Any CPU
		{3E14DFA5-709F-4AC7-983C-F68E644F3594}.Release|x86.Build.0 = Release|Any CPU
		{7BEA7337-7B43-485C-BFFD-8DFD2BD614E3}.Debug|Any CPU.ActiveCfg = Debug|Any CPU
		{7BEA7337-7B43-485C-BFFD-8DFD2BD614E3}.Debug|Any CPU.Build.0 = Debug|Any CPU
		{7BEA7337-7B43-485C-BFFD-8DFD2BD614E3}.Debug|x64.ActiveCfg = Debug|Any CPU
		{7BEA7337-7B43-485C-BFFD-8DFD2BD614E3}.Debug|x64.Build.0 = Debug|Any CPU
		{7BEA7337-7B43-485C-BFFD-8DFD2BD614E3}.Debug|x86.ActiveCfg = Debug|Any CPU
		{7BEA7337-7B43-485C-BFFD-8DFD2BD614E3}.Debug|x86.Build.0 = Debug|Any CPU
		{7BEA7337-7B43-485C-BFFD-8DFD2BD614E3}.Release|Any CPU.ActiveCfg = Release|Any CPU
		{7BEA7337-7B43-485C-BFFD-8DFD2BD614E3}.Release|Any CPU.Build.0 = Release|Any CPU
		{7BEA7337-7B43-485C-BFFD-8DFD2BD614E3}.Release|x64.ActiveCfg = Release|Any CPU
		{7BEA7337-7B43-485C-BFFD-8DFD2BD614E3}.Release|x64.Build.0 = Release|Any CPU
		{7BEA7337-7B43-485C-BFFD-8DFD2BD614E3}.Release|x86.ActiveCfg = Release|Any CPU
		{7BEA7337-7B43-485C-BFFD-8DFD2BD614E3}.Release|x86.Build.0 = Release|Any CPU
	EndGlobalSection
	GlobalSection(NestedProjects) = preSolution
		{AEDB73E0-CBEA-45E4-885C-584CBBC6628C} = {B84A9A8A-1176-4151-A9C0-5A94258E469D}
		{AB2A9EB0-8F96-43FC-B9DC-8C6DEF4D44D6} = {AEDB73E0-CBEA-45E4-885C-584CBBC6628C}
		{53837B15-8635-4040-B0C9-B9A14E2BE734} = {AEDB73E0-CBEA-45E4-885C-584CBBC6628C}
		{FEC9B712-3AF1-4B51-86A4-56A7B5A66023} = {B84A9A8A-1176-4151-A9C0-5A94258E469D}
		{F943C0B8-E1D7-496D-9D71-C43762B50EFE} = {FEC9B712-3AF1-4B51-86A4-56A7B5A66023}
		{3E14DFA5-709F-4AC7-983C-F68E644F3594} = {FEC9B712-3AF1-4B51-86A4-56A7B5A66023}
		{2F91A76C-5D32-49D7-BEEB-8B7163378C11} = {B84A9A8A-1176-4151-A9C0-5A94258E469D}
		{7BEA7337-7B43-485C-BFFD-8DFD2BD614E3} = {2F91A76C-5D32-49D7-BEEB-8B7163378C11}
	EndGlobalSection
EndGlobal
